// !$*UTF8*$!
{
	archiveVersion = 1;
	classes = {
	};
	objectVersion = 77;
	objects = {

/* Begin PBXContainerItemProxy section */
		67597E9B2E0C6EFE0080B2DE /* PBXContainerItemProxy */ = {
			isa = PBXContainerItemProxy;
			containerPortal = 67597E7C2E0C6EFC0080B2DE /* Project object */;
			proxyType = 1;
			remoteGlobalIDString = 67597E832E0C6EFC0080B2DE;
			remoteInfo = "UserListApp-CoverageX";
		};
		67597EA52E0C6EFE0080B2DE /* PBXContainerItemProxy */ = {
			isa = PBXContainerItemProxy;
			containerPortal = 67597E7C2E0C6EFC0080B2DE /* Project object */;
			proxyType = 1;
			remoteGlobalIDString = 67597E832E0C6EFC0080B2DE;
			remoteInfo = "UserListApp-CoverageX";
		};
/* End PBXContainerItemProxy section */

/* Begin PBXFileReference section */
		67597E842E0C6EFC0080B2DE /* UserListApp-CoverageX.app */ = {isa = PBXFileReference; explicitFileType = wrapper.application; includeInIndex = 0; path = "UserListApp-CoverageX.app"; sourceTree = BUILT_PRODUCTS_DIR; };
		67597E9A2E0C6EFE0080B2DE /* UserListApp-CoverageXTests.xctest */ = {isa = PBXFileReference; explicitFileType = wrapper.cfbundle; includeInIndex = 0; path = "UserListApp-CoverageXTests.xctest"; sourceTree = BUILT_PRODUCTS_DIR; };
		67597EA42E0C6EFE0080B2DE /* UserListApp-CoverageXUITests.xctest */ = {isa = PBXFileReference; explicitFileType = wrapper.cfbundle; includeInIndex = 0; path = "UserListApp-CoverageXUITests.xctest"; sourceTree = BUILT_PRODUCTS_DIR; };
/* End PBXFileReference section */

/* Begin PBXFileSystemSynchronizedBuildFileExceptionSet section */
		67597EAC2E0C6EFE0080B2DE /* Exceptions for "UserListApp-CoverageX" folder in "UserListApp-CoverageX" target */ = {
			isa = PBXFileSystemSynchronizedBuildFileExceptionSet;
			membershipExceptions = (
				Resources/Info.plist,
			);
			target = 67597E832E0C6EFC0080B2DE /* UserListApp-CoverageX */;
		};
/* End PBXFileSystemSynchronizedBuildFileExceptionSet section */

/* Begin PBXFileSystemSynchronizedRootGroup section */
		67597E862E0C6EFC0080B2DE /* UserListApp-CoverageX */ = {
			isa = PBXFileSystemSynchronizedRootGroup;
			exceptions = (
				67597EAC2E0C6EFE0080B2DE /* Exceptions for "UserListApp-CoverageX" folder in "UserListApp-CoverageX" target */,
			);
			path = "UserListApp-CoverageX";
			sourceTree = "<group>";
		};
		67597E9D2E0C6EFE0080B2DE /* UserListApp-CoverageXTests */ = {
			isa = PBXFileSystemSynchronizedRootGroup;
			path = "UserListApp-CoverageXTests";
			sourceTree = "<group>";
		};
		67597EA72E0C6EFE0080B2DE /* UserListApp-CoverageXUITests */ = {
			isa = PBXFileSystemSynchronizedRootGroup;
			path = "UserListApp-CoverageXUITests";
			sourceTree = "<group>";
		};
/* End PBXFileSystemSynchronizedRootGroup section */

/* Begin PBXFrameworksBuildPhase section */
		67597E812E0C6EFC0080B2DE /* Frameworks */ = {
			isa = PBXFrameworksBuildPhase;
			buildActionMask = 2147483647;
			files = (
			);
			runOnlyForDeploymentPostprocessing = 0;
		};
		67597E972E0C6EFE0080B2DE /* Frameworks */ = {
			isa = PBXFrameworksBuildPhase;
			buildActionMask = 2147483647;
			files = (
			);
			runOnlyForDeploymentPostprocessing = 0;
		};
		67597EA12E0C6EFE0080B2DE /* Frameworks */ = {
			isa = PBXFrameworksBuildPhase;
			buildActionMask = 2147483647;
			files = (
			);
			runOnlyForDeploymentPostprocessing = 0;
		};
/* End PBXFrameworksBuildPhase section */

/* Begin PBXGroup section */
		67597E7B2E0C6EFC0080B2DE = {
			isa = PBXGroup;
			children = (
				67597E862E0C6EFC0080B2DE /* UserListApp-CoverageX */,
				67597E9D2E0C6EFE0080B2DE /* UserListApp-CoverageXTests */,
				67597EA72E0C6EFE0080B2DE /* UserListApp-CoverageXUITests */,
				67597E852E0C6EFC0080B2DE /* Products */,
			);
			sourceTree = "<group>";
		};
		67597E852E0C6EFC0080B2DE /* Products */ = {
			isa = PBXGroup;
			children = (
				67597E842E0C6EFC0080B2DE /* UserListApp-CoverageX.app */,
				67597E9A2E0C6EFE0080B2DE /* UserListApp-CoverageXTests.xctest */,
				67597EA42E0C6EFE0080B2DE /* UserListApp-CoverageXUITests.xctest */,
			);
			name = Products;
			sourceTree = "<group>";
		};
/* End PBXGroup section */

/* Begin PBXNativeTarget section */
		67597E832E0C6EFC0080B2DE /* UserListApp-CoverageX */ = {
			isa = PBXNativeTarget;
			buildConfigurationList = 67597EAD2E0C6EFE0080B2DE /* Build configuration list for PBXNativeTarget "UserListApp-CoverageX" */;
			buildPhases = (
				67597E802E0C6EFC0080B2DE /* Sources */,
				67597E812E0C6EFC0080B2DE /* Frameworks */,
				67597E822E0C6EFC0080B2DE /* Resources */,
			);
			buildRules = (
			);
			dependencies = (
			);
			fileSystemSynchronizedGroups = (
				67597E862E0C6EFC0080B2DE /* UserListApp-CoverageX */,
			);
			name = "UserListApp-CoverageX";
			packageProductDependencies = (
			);
			productName = "UserListApp-CoverageX";
			productReference = 67597E842E0C6EFC0080B2DE /* UserListApp-CoverageX.app */;
			productType = "com.apple.product-type.application";
		};
		67597E992E0C6EFE0080B2DE /* UserListApp-CoverageXTests */ = {
			isa = PBXNativeTarget;
			buildConfigurationList = 67597EB22E0C6EFE0080B2DE /* Build configuration list for PBXNativeTarget "UserListApp-CoverageXTests" */;
			buildPhases = (
				67597E962E0C6EFE0080B2DE /* Sources */,
				67597E972E0C6EFE0080B2DE /* Frameworks */,
				67597E982E0C6EFE0080B2DE /* Resources */,
			);
			buildRules = (
			);
			dependencies = (
				67597E9C2E0C6EFE0080B2DE /* PBXTargetDependency */,
			);
			fileSystemSynchronizedGroups = (
				67597E9D2E0C6EFE0080B2DE /* UserListApp-CoverageXTests */,
			);
			name = "UserListApp-CoverageXTests";
			packageProductDependencies = (
			);
			productName = "UserListApp-CoverageXTests";
			productReference = 67597E9A2E0C6EFE0080B2DE /* UserListApp-CoverageXTests.xctest */;
			productType = "com.apple.product-type.bundle.unit-test";
		};
		67597EA32E0C6EFE0080B2DE /* UserListApp-CoverageXUITests */ = {
			isa = PBXNativeTarget;
			buildConfigurationList = 67597EB52E0C6EFE0080B2DE /* Build configuration list for PBXNativeTarget "UserListApp-CoverageXUITests" */;
			buildPhases = (
				67597EA02E0C6EFE0080B2DE /* Sources */,
				67597EA12E0C6EFE0080B2DE /* Frameworks */,
				67597EA22E0C6EFE0080B2DE /* Resources */,
			);
			buildRules = (
			);
			dependencies = (
				67597EA62E0C6EFE0080B2DE /* PBXTargetDependency */,
			);
			fileSystemSynchronizedGroups = (
				67597EA72E0C6EFE0080B2DE /* UserListApp-CoverageXUITests */,
			);
			name = "UserListApp-CoverageXUITests";
			packageProductDependencies = (
			);
			productName = "UserListApp-CoverageXUITests";
			productReference = 67597EA42E0C6EFE0080B2DE /* UserListApp-CoverageXUITests.xctest */;
			productType = "com.apple.product-type.bundle.ui-testing";
		};
/* End PBXNativeTarget section */

/* Begin PBXProject section */
		67597E7C2E0C6EFC0080B2DE /* Project object */ = {
			isa = PBXProject;
			attributes = {
				BuildIndependentTargetsInParallel = 1;
				LastSwiftUpdateCheck = 1600;
				LastUpgradeCheck = 1600;
				TargetAttributes = {
					67597E832E0C6EFC0080B2DE = {
						CreatedOnToolsVersion = 16.0;
					};
					67597E992E0C6EFE0080B2DE = {
						CreatedOnToolsVersion = 16.0;
						TestTargetID = 67597E832E0C6EFC0080B2DE;
					};
					67597EA32E0C6EFE0080B2DE = {
						CreatedOnToolsVersion = 16.0;
						TestTargetID = 67597E832E0C6EFC0080B2DE;
					};
				};
			};
			buildConfigurationList = 67597E7F2E0C6EFC0080B2DE /* Build configuration list for PBXProject "UserListApp-CoverageX" */;
			developmentRegion = en;
			hasScannedForEncodings = 0;
			knownRegions = (
				en,
				Base,
			);
			mainGroup = 67597E7B2E0C6EFC0080B2DE;
			minimizedProjectReferenceProxies = 1;
			preferredProjectObjectVersion = 77;
			productRefGroup = 67597E852E0C6EFC0080B2DE /* Products */;
			projectDirPath = "";
			projectRoot = "";
			targets = (
				67597E832E0C6EFC0080B2DE /* UserListApp-CoverageX */,
				67597E992E0C6EFE0080B2DE /* UserListApp-CoverageXTests */,
				67597EA32E0C6EFE0080B2DE /* UserListApp-CoverageXUITests */,
			);
		};
/* End PBXProject section */

/* Begin PBXResourcesBuildPhase section */
		67597E822E0C6EFC0080B2DE /* Resources */ = {
			isa = PBXResourcesBuildPhase;
			buildActionMask = 2147483647;
			files = (
			);
			runOnlyForDeploymentPostprocessing = 0;
		};
		67597E982E0C6EFE0080B2DE /* Resources */ = {
			isa = PBXResourcesBuildPhase;
			buildActionMask = 2147483647;
			files = (
			);
			runOnlyForDeploymentPostprocessing = 0;
		};
		67597EA22E0C6EFE0080B2DE /* Resources */ = {
			isa = PBXResourcesBuildPhase;
			buildActionMask = 2147483647;
			files = (
			);
			runOnlyForDeploymentPostprocessing = 0;
		};
/* End PBXResourcesBuildPhase section */

/* Begin PBXSourcesBuildPhase section */
		67597E802E0C6EFC0080B2DE /* Sources */ = {
			isa = PBXSourcesBuildPhase;
			buildActionMask = 2147483647;
			files = (
			);
			runOnlyForDeploymentPostprocessing = 0;
		};
		67597E962E0C6EFE0080B2DE /* Sources */ = {
			isa = PBXSourcesBuildPhase;
			buildActionMask = 2147483647;
			files = (
			);
			runOnlyForDeploymentPostprocessing = 0;
		};
		67597EA02E0C6EFE0080B2DE /* Sources */ = {
			isa = PBXSourcesBuildPhase;
			buildActionMask = 2147483647;
			files = (
			);
			runOnlyForDeploymentPostprocessing = 0;
		};
/* End PBXSourcesBuildPhase section */

/* Begin PBXTargetDependency section */
		67597E9C2E0C6EFE0080B2DE /* PBXTargetDependency */ = {
			isa = PBXTargetDependency;
			target = 67597E832E0C6EFC0080B2DE /* UserListApp-CoverageX */;
			targetProxy = 67597E9B2E0C6EFE0080B2DE /* PBXContainerItemProxy */;
		};
		67597EA62E0C6EFE0080B2DE /* PBXTargetDependency */ = {
			isa = PBXTargetDependency;
			target = 67597E832E0C6EFC0080B2DE /* UserListApp-CoverageX */;
			targetProxy = 67597EA52E0C6EFE0080B2DE /* PBXContainerItemProxy */;
		};
/* End PBXTargetDependency section */

/* Begin XCBuildConfiguration section */
		67597EAE2E0C6EFE0080B2DE /* Debug */ = {
			isa = XCBuildConfiguration;
			buildSettings = {
				ASSETCATALOG_COMPILER_APPICON_NAME = AppIcon;
				ASSETCATALOG_COMPILER_GLOBAL_ACCENT_COLOR_NAME = AccentColor;
				CODE_SIGN_STYLE = Automatic;
				CURRENT_PROJECT_VERSION = 1;
				DEVELOPMENT_TEAM = 9QVSPY34N3;
				GENERATE_INFOPLIST_FILE = YES;
				INFOPLIST_FILE = "UserListApp-CoverageX/Resources/Info.plist";
				INFOPLIST_KEY_UIApplicationSupportsIndirectInputEvents = YES;
				INFOPLIST_KEY_UILaunchStoryboardName = LaunchScreen;
				INFOPLIST_KEY_UISupportedInterfaceOrientations_iPad = "UIInterfaceOrientationPortrait UIInterfaceOrientationPortraitUpsideDown UIInterfaceOrientationLandscapeLeft UIInterfaceOrientationLandscapeRight";
				INFOPLIST_KEY_UISupportedInterfaceOrientations_iPhone = "UIInterfaceOrientationPortrait UIInterfaceOrientationLandscapeLeft UIInterfaceOrientationLandscapeRight";
				IPHONEOS_DEPLOYMENT_TARGET = 14.0;
				LD_RUNPATH_SEARCH_PATHS = (
					"$(inherited)",
					"@executable_path/Frameworks",
				);
				MARKETING_VERSION = 1.0;
				PRODUCT_BUNDLE_IDENTIFIER = "neranjan.UserListApp-CoverageX";
				PRODUCT_NAME = "$(TARGET_NAME)";
				SWIFT_EMIT_LOC_STRINGS = YES;
				SWIFT_VERSION = 5.0;
				TARGETED_DEVICE_FAMILY = "1,2";
			};
			name = Debug;
		};
		67597EAF2E0C6EFE0080B2DE /* Release */ = {
			isa = XCBuildConfiguration;
			buildSettings = {
				ASSETCATALOG_COMPILER_APPICON_NAME = AppIcon;
				ASSETCATALOG_COMPILER_GLOBAL_ACCENT_COLOR_NAME = AccentColor;
				CODE_SIGN_STYLE = Automatic;
				CURRENT_PROJECT_VERSION = 1;
				DEVELOPMENT_TEAM = 9QVSPY34N3;
				GENERATE_INFOPLIST_FILE = YES;
				INFOPLIST_FILE = "UserListApp-CoverageX/Resources/Info.plist";
				INFOPLIST_KEY_UIApplicationSupportsIndirectInputEvents = YES;
				INFOPLIST_KEY_UILaunchStoryboardName = LaunchScreen;
				INFOPLIST_KEY_UISupportedInterfaceOrientations_iPad = "UIInterfaceOrientationPortrait UIInterfaceOrientationPortraitUpsideDown UIInterfaceOrientationLandscapeLeft UIInterfaceOrientationLandscapeRight";
				INFOPLIST_KEY_UISupportedInterfaceOrientations_iPhone = "UIInterfaceOrientationPortrait UIInterfaceOrientationLandscapeLeft UIInterfaceOrientationLandscapeRight";
				IPHONEOS_DEPLOYMENT_TARGET = 14.0;
				LD_RUNPATH_SEARCH_PATHS = (
					"$(inherited)",
					"@executable_path/Frameworks",
				);
				MARKETING_VERSION = 1.0;
				PRODUCT_BUNDLE_IDENTIFIER = "neranjan.UserListApp-CoverageX";
				PRODUCT_NAME = "$(TARGET_NAME)";
				SWIFT_EMIT_LOC_STRINGS = YES;
				SWIFT_VERSION = 5.0;
				TARGETED_DEVICE_FAMILY = "1,2";
			};
			name = Release;
		};
		67597EB02E0C6EFE0080B2DE /* Debug */ = {
			isa = XCBuildConfiguration;
			buildSettings = {
				ALWAYS_SEARCH_USER_PATHS = NO;
				ASSETCATALOG_COMPILER_GENERATE_SWIFT_ASSET_SYMBOL_EXTENSIONS = YES;
				CLANG_ANALYZER_NONNULL = YES;
				CLANG_ANALYZER_NUMBER_OBJECT_CONVERSION = YES_AGGRESSIVE;
				CLANG_CXX_LANGUAGE_STANDARD = "gnu++20";
				CLANG_ENABLE_MODULES = YES;
				CLANG_ENABLE_OBJC_ARC = YES;
				CLANG_ENABLE_OBJC_WEAK = YES;
				CLANG_WARN_BLOCK_CAPTURE_AUTORELEASING = YES;
				CLANG_WARN_BOOL_CONVERSION = YES;
				CLANG_WARN_COMMA = YES;
				CLANG_WARN_CONSTANT_CONVERSION = YES;
				CLANG_WARN_DEPRECATED_OBJC_IMPLEMENTATIONS = YES;
				CLANG_WARN_DIRECT_OBJC_ISA_USAGE = YES_ERROR;
				CLANG_WARN_DOCUMENTATION_COMMENTS = YES;
				CLANG_WARN_EMPTY_BODY = YES;
				CLANG_WARN_ENUM_CONVERSION = YES;
				CLANG_WARN_INFINITE_RECURSION = YES;
				CLANG_WARN_INT_CONVERSION = YES;
				CLANG_WARN_NON_LITERAL_NULL_CONVERSION = YES;
				CLANG_WARN_OBJC_IMPLICIT_RETAIN_SELF = YES;
				CLANG_WARN_OBJC_LITERAL_CONVERSION = YES;
				CLANG_WARN_OBJC_ROOT_CLASS = YES_ERROR;
				CLANG_WARN_QUOTED_INCLUDE_IN_FRAMEWORK_HEADER = YES;
				CLANG_WARN_RANGE_LOOP_ANALYSIS = YES;
				CLANG_WARN_STRICT_PROTOTYPES = YES;
				CLANG_WARN_SUSPICIOUS_MOVE = YES;
				CLANG_WARN_UNGUARDED_AVAILABILITY = YES_AGGRESSIVE;
				CLANG_WARN_UNREACHABLE_CODE = YES;
				CLANG_WARN__DUPLICATE_METHOD_MATCH = YES;
				COPY_PHASE_STRIP = NO;
				DEBUG_INFORMATION_FORMAT = dwarf;
				ENABLE_STRICT_OBJC_MSGSEND = YES;
				ENABLE_TESTABILITY = YES;
				ENABLE_USER_SCRIPT_SANDBOXING = YES;
				GCC_C_LANGUAGE_STANDARD = gnu17;
				GCC_DYNAMIC_NO_PIC = NO;
				GCC_NO_COMMON_BLOCKS = YES;
				GCC_OPTIMIZATION_LEVEL = 0;
				GCC_PREPROCESSOR_DEFINITIONS = (
					"DEBUG=1",
					"$(inherited)",
				);
				GCC_WARN_64_TO_32_BIT_CONVERSION = YES;
				GCC_WARN_ABOUT_RETURN_TYPE = YES_ERROR;
				GCC_WARN_UNDECLARED_SELECTOR = YES;
				GCC_WARN_UNINITIALIZED_AUTOS = YES_AGGRESSIVE;
				GCC_WARN_UNUSED_FUNCTION = YES;
				GCC_WARN_UNUSED_VARIABLE = YES;
				IPHONEOS_DEPLOYMENT_TARGET = 18.0;
				LOCALIZATION_PREFERS_STRING_CATALOGS = YES;
				MTL_ENABLE_DEBUG_INFO = INCLUDE_SOURCE;
				MTL_FAST_MATH = YES;
				ONLY_ACTIVE_ARCH = YES;
				SDKROOT = iphoneos;
				SWIFT_ACTIVE_COMPILATION_CONDITIONS = "DEBUG $(inherited)";
				SWIFT_OPTIMIZATION_LEVEL = "-Onone";
			};
			name = Debug;
		};
		67597EB12E0C6EFE0080B2DE /* Release */ = {
			isa = XCBuildConfiguration;
			buildSettings = {
				ALWAYS_SEARCH_USER_PATHS = NO;
				ASSETCATALOG_COMPILER_GENERATE_SWIFT_ASSET_SYMBOL_EXTENSIONS = YES;
				CLANG_ANALYZER_NONNULL = YES;
				CLANG_ANALYZER_NUMBER_OBJECT_CONVERSION = YES_AGGRESSIVE;
				CLANG_CXX_LANGUAGE_STANDARD = "gnu++20";
				CLANG_ENABLE_MODULES = YES;
				CLANG_ENABLE_OBJC_ARC = YES;
				CLANG_ENABLE_OBJC_WEAK = YES;
				CLANG_WARN_BLOCK_CAPTURE_AUTORELEASING = YES;
				CLANG_WARN_BOOL_CONVERSION = YES;
				CLANG_WARN_COMMA = YES;
				CLANG_WARN_CONSTANT_CONVERSION = YES;
				CLANG_WARN_DEPRECATED_OBJC_IMPLEMENTATIONS = YES;
				CLANG_WARN_DIRECT_OBJC_ISA_USAGE = YES_ERROR;
				CLANG_WARN_DOCUMENTATION_COMMENTS = YES;
				CLANG_WARN_EMPTY_BODY = YES;
				CLANG_WARN_ENUM_CONVERSION = YES;
				CLANG_WARN_INFINITE_RECURSION = YES;
				CLANG_WARN_INT_CONVERSION = YES;
				CLANG_WARN_NON_LITERAL_NULL_CONVERSION = YES;
				CLANG_WARN_OBJC_IMPLICIT_RETAIN_SELF = YES;
				CLANG_WARN_OBJC_LITERAL_CONVERSION = YES;
				CLANG_WARN_OBJC_ROOT_CLASS = YES_ERROR;
				CLANG_WARN_QUOTED_INCLUDE_IN_FRAMEWORK_HEADER = YES;
				CLANG_WARN_RANGE_LOOP_ANALYSIS = YES;
				CLANG_WARN_STRICT_PROTOTYPES = YES;
				CLANG_WARN_SUSPICIOUS_MOVE = YES;
				CLANG_WARN_UNGUARDED_AVAILABILITY = YES_AGGRESSIVE;
				CLANG_WARN_UNREACHABLE_CODE = YES;
				CLANG_WARN__DUPLICATE_METHOD_MATCH = YES;
				COPY_PHASE_STRIP = NO;
				DEBUG_INFORMATION_FORMAT = "dwarf-with-dsym";
				ENABLE_NS_ASSERTIONS = NO;
				ENABLE_STRICT_OBJC_MSGSEND = YES;
				ENABLE_USER_SCRIPT_SANDBOXING = YES;
				GCC_C_LANGUAGE_STANDARD = gnu17;
				GCC_NO_COMMON_BLOCKS = YES;
				GCC_WARN_64_TO_32_BIT_CONVERSION = YES;
				GCC_WARN_ABOUT_RETURN_TYPE = YES_ERROR;
				GCC_WARN_UNDECLARED_SELECTOR = YES;
				GCC_WARN_UNINITIALIZED_AUTOS = YES_AGGRESSIVE;
				GCC_WARN_UNUSED_FUNCTION = YES;
				GCC_WARN_UNUSED_VARIABLE = YES;
				IPHONEOS_DEPLOYMENT_TARGET = 18.0;
				LOCALIZATION_PREFERS_STRING_CATALOGS = YES;
				MTL_ENABLE_DEBUG_INFO = NO;
				MTL_FAST_MATH = YES;
				SDKROOT = iphoneos;
				SWIFT_COMPILATION_MODE = wholemodule;
				VALIDATE_PRODUCT = YES;
			};
			name = Release;
		};
		67597EB32E0C6EFE0080B2DE /* Debug */ = {
			isa = XCBuildConfiguration;
			buildSettings = {
				BUNDLE_LOADER = "$(TEST_HOST)";
				CODE_SIGN_STYLE = Automatic;
				CURRENT_PROJECT_VERSION = 1;
				DEVELOPMENT_TEAM = 9QVSPY34N3;
				GENERATE_INFOPLIST_FILE = YES;
				IPHONEOS_DEPLOYMENT_TARGET = 18.0;
				MARKETING_VERSION = 1.0;
				PRODUCT_BUNDLE_IDENTIFIER = "neranjan.UserListApp-CoverageXTests";
				PRODUCT_NAME = "$(TARGET_NAME)";
				SWIFT_EMIT_LOC_STRINGS = NO;
				SWIFT_VERSION = 5.0;
				TARGETED_DEVICE_FAMILY = "1,2";
				TEST_HOST = "$(BUILT_PRODUCTS_DIR)/UserListApp-CoverageX.app/$(BUNDLE_EXECUTABLE_FOLDER_PATH)/UserListApp-CoverageX";
			};
			name = Debug;
		};
		67597EB42E0C6EFE0080B2DE /* Release */ = {
			isa = XCBuildConfiguration;
			buildSettings = {
				BUNDLE_LOADER = "$(TEST_HOST)";
				CODE_SIGN_STYLE = Automatic;
				CURRENT_PROJECT_VERSION = 1;
				DEVELOPMENT_TEAM = 9QVSPY34N3;
				GENERATE_INFOPLIST_FILE = YES;
				IPHONEOS_DEPLOYMENT_TARGET = 18.0;
				MARKETING_VERSION = 1.0;
				PRODUCT_BUNDLE_IDENTIFIER = "neranjan.UserListApp-CoverageXTests";
				PRODUCT_NAME = "$(TARGET_NAME)";
				SWIFT_EMIT_LOC_STRINGS = NO;
				SWIFT_VERSION = 5.0;
				TARGETED_DEVICE_FAMILY = "1,2";
				TEST_HOST = "$(BUILT_PRODUCTS_DIR)/UserListApp-CoverageX.app/$(BUNDLE_EXECUTABLE_FOLDER_PATH)/UserListApp-CoverageX";
			};
			name = Release;
		};
		67597EB62E0C6EFE0080B2DE /* Debug */ = {
			isa = XCBuildConfiguration;
			buildSettings = {
				CODE_SIGN_STYLE = Automatic;
				CURRENT_PROJECT_VERSION = 1;
				DEVELOPMENT_TEAM = 9QVSPY34N3;
				GENERATE_INFOPLIST_FILE = YES;
				MARKETING_VERSION = 1.0;
				PRODUCT_BUNDLE_IDENTIFIER = "neranjan.UserListApp-CoverageXUITests";
				PRODUCT_NAME = "$(TARGET_NAME)";
				SWIFT_EMIT_LOC_STRINGS = NO;
				SWIFT_VERSION = 5.0;
				TARGETED_DEVICE_FAMILY = "1,2";
				TEST_TARGET_NAME = "UserListApp-CoverageX";
			};
			name = Debug;
		};
		67597EB72E0C6EFE0080B2DE /* Release */ = {
			isa = XCBuildConfiguration;
			buildSettings = {
				CODE_SIGN_STYLE = Automatic;
				CURRENT_PROJECT_VERSION = 1;
				DEVELOPMENT_TEAM = 9QVSPY34N3;
				GENERATE_INFOPLIST_FILE = YES;
				MARKETING_VERSION = 1.0;
				PRODUCT_BUNDLE_IDENTIFIER = "neranjan.UserListApp-CoverageXUITests";
				PRODUCT_NAME = "$(TARGET_NAME)";
				SWIFT_EMIT_LOC_STRINGS = NO;
				SWIFT_VERSION = 5.0;
				TARGETED_DEVICE_FAMILY = "1,2";
				TEST_TARGET_NAME = "UserListApp-CoverageX";
			};
			name = Release;
		};
/* End XCBuildConfiguration section */

/* Begin XCConfigurationList section */
		67597E7F2E0C6EFC0080B2DE /* Build configuration list for PBXProject "UserListApp-CoverageX" */ = {
			isa = XCConfigurationList;
			buildConfigurations = (
				67597EB02E0C6EFE0080B2DE /* Debug */,
				67597EB12E0C6EFE0080B2DE /* Release */,
			);
			defaultConfigurationIsVisible = 0;
			defaultConfigurationName = Release;
		};
		67597EAD2E0C6EFE0080B2DE /* Build configuration list for PBXNativeTarget "UserListApp-CoverageX" */ = {
			isa = XCConfigurationList;
			buildConfigurations = (
				67597EAE2E0C6EFE0080B2DE /* Debug */,
				67597EAF2E0C6EFE0080B2DE /* Release */,
			);
			defaultConfigurationIsVisible = 0;
			defaultConfigurationName = Release;
		};
		67597EB22E0C6EFE0080B2DE /* Build configuration list for PBXNativeTarget "UserListApp-CoverageXTests" */ = {
			isa = XCConfigurationList;
			buildConfigurations = (
				67597EB32E0C6EFE0080B2DE /* Debug */,
				67597EB42E0C6EFE0080B2DE /* Release */,
			);
			defaultConfigurationIsVisible = 0;
			defaultConfigurationName = Release;
		};
		67597EB52E0C6EFE0080B2DE /* Build configuration list for PBXNativeTarget "UserListApp-CoverageXUITests" */ = {
			isa = XCConfigurationList;
			buildConfigurations = (
				67597EB62E0C6EFE0080B2DE /* Debug */,
				67597EB72E0C6EFE0080B2DE /* Release */,
			);
			defaultConfigurationIsVisible = 0;
			defaultConfigurationName = Release;
		};
/* End XCConfigurationList section */
	};
	rootObject = 67597E7C2E0C6EFC0080B2DE /* Project object */;
}
